
Microsoft Visual Studio Solution File, Format Version 11.00
# Visual Studio 2010
Project("{8BC9CEB8-8B4A-11D0-8D11-00A0C91BC942}") = "libobs", "libobs\libobs.vcxproj", "{6F1AC2AE-6424-401A-AF9F-A771E6BEE026}"
	ProjectSection(ProjectDependencies) = postProject
		{E11367B7-20CC-4741-B8E0-C20E85302A40} = {E11367B7-20CC-4741-B8E0-C20E85302A40}
	EndProjectSection
EndProject
Project("{8BC9CEB8-8B4A-11D0-8D11-00A0C91BC942}") = "libobs-d3d11", "libobs-d3d11\libobs-d3d11.vcxproj", "{68A84F9A-5B89-4E7D-8183-87FEA5DC65F6}"
	ProjectSection(ProjectDependencies) = postProject
		{6F1AC2AE-6424-401A-AF9F-A771E6BEE026} = {6F1AC2AE-6424-401A-AF9F-A771E6BEE026}
	EndProjectSection
EndProject
Project("{8BC9CEB8-8B4A-11D0-8D11-00A0C91BC942}") = "pthreads", "pthreads\pthreads.vcxproj", "{E11367B7-20CC-4741-B8E0-C20E85302A40}"
EndProject
Project("{8BC9CEB8-8B4A-11D0-8D11-00A0C91BC942}") = "wintest", "wintest\wintest.vcxproj", "{82C863C3-74C8-43BE-90CF-755EE698F2E8}"
	ProjectSection(ProjectDependencies) = postProject
		{6F1AC2AE-6424-401A-AF9F-A771E6BEE026} = {6F1AC2AE-6424-401A-AF9F-A771E6BEE026}
	EndProjectSection
EndProject
Project("{8BC9CEB8-8B4A-11D0-8D11-00A0C91BC942}") = "test-input", "test-input\test-input.vcxproj", "{760ECBBC-EA7C-464A-B60E-945A0BB1B100}"
	ProjectSection(ProjectDependencies) = postProject
		{6F1AC2AE-6424-401A-AF9F-A771E6BEE026} = {6F1AC2AE-6424-401A-AF9F-A771E6BEE026}
	EndProjectSection
EndProject
Project("{8BC9CEB8-8B4A-11D0-8D11-00A0C91BC942}") = "libobs-opengl", "libobs-opengl\libobs-opengl.vcxproj", "{B6EAE19B-79BF-4F7C-9E66-976D14B9DC6C}"
	ProjectSection(ProjectDependencies) = postProject
		{664E6F0D-6784-4760-9565-D54F8EB1EDF4} = {664E6F0D-6784-4760-9565-D54F8EB1EDF4}
		{6F1AC2AE-6424-401A-AF9F-A771E6BEE026} = {6F1AC2AE-6424-401A-AF9F-A771E6BEE026}
	EndProjectSection
EndProject
Project("{8BC9CEB8-8B4A-11D0-8D11-00A0C91BC942}") = "glew_static", "..\..\libobs-opengl\glew\build\vc10\glew_static.vcxproj", "{664E6F0D-6784-4760-9565-D54F8EB1EDF4}"
EndProject
Project("{8BC9CEB8-8B4A-11D0-8D11-00A0C91BC942}") = "OBS", "OBS\OBS.vcxproj", "{C6CD0240-5A92-43F6-B0EE-FF3ACE10742F}"
EndProject
Global
	GlobalSection(SolutionConfigurationPlatforms) = preSolution
		Debug|Win32 = Debug|Win32
		Debug|x64 = Debug|x64
		Release|Win32 = Release|Win32
		Release|x64 = Release|x64
	EndGlobalSection
	GlobalSection(ProjectConfigurationPlatforms) = postSolution
		{6F1AC2AE-6424-401A-AF9F-A771E6BEE026}.Debug|Win32.ActiveCfg = Debug|Win32
		{6F1AC2AE-6424-401A-AF9F-A771E6BEE026}.Debug|Win32.Build.0 = Debug|Win32
		{6F1AC2AE-6424-401A-AF9F-A771E6BEE026}.Debug|x64.ActiveCfg = Debug|x64
		{6F1AC2AE-6424-401A-AF9F-A771E6BEE026}.Debug|x64.Build.0 = Debug|x64
		{6F1AC2AE-6424-401A-AF9F-A771E6BEE026}.Release|Win32.ActiveCfg = Release|Win32
		{6F1AC2AE-6424-401A-AF9F-A771E6BEE026}.Release|Win32.Build.0 = Release|Win32
		{6F1AC2AE-6424-401A-AF9F-A771E6BEE026}.Release|x64.ActiveCfg = Release|x64
		{6F1AC2AE-6424-401A-AF9F-A771E6BEE026}.Release|x64.Build.0 = Release|x64
		{68A84F9A-5B89-4E7D-8183-87FEA5DC65F6}.Debug|Win32.ActiveCfg = Debug|Win32
		{68A84F9A-5B89-4E7D-8183-87FEA5DC65F6}.Debug|Win32.Build.0 = Debug|Win32
		{68A84F9A-5B89-4E7D-8183-87FEA5DC65F6}.Debug|x64.ActiveCfg = Debug|x64
		{68A84F9A-5B89-4E7D-8183-87FEA5DC65F6}.Debug|x64.Build.0 = Debug|x64
		{68A84F9A-5B89-4E7D-8183-87FEA5DC65F6}.Release|Win32.ActiveCfg = Release|Win32
		{68A84F9A-5B89-4E7D-8183-87FEA5DC65F6}.Release|Win32.Build.0 = Release|Win32
		{68A84F9A-5B89-4E7D-8183-87FEA5DC65F6}.Release|x64.ActiveCfg = Release|x64
		{68A84F9A-5B89-4E7D-8183-87FEA5DC65F6}.Release|x64.Build.0 = Release|x64
		{E11367B7-20CC-4741-B8E0-C20E85302A40}.Debug|Win32.ActiveCfg = Debug|Win32
		{E11367B7-20CC-4741-B8E0-C20E85302A40}.Debug|Win32.Build.0 = Debug|Win32
		{E11367B7-20CC-4741-B8E0-C20E85302A40}.Debug|x64.ActiveCfg = Debug|x64
		{E11367B7-20CC-4741-B8E0-C20E85302A40}.Debug|x64.Build.0 = Debug|x64
		{E11367B7-20CC-4741-B8E0-C20E85302A40}.Release|Win32.ActiveCfg = Release|Win32
		{E11367B7-20CC-4741-B8E0-C20E85302A40}.Release|Win32.Build.0 = Release|Win32
		{E11367B7-20CC-4741-B8E0-C20E85302A40}.Release|x64.ActiveCfg = Release|x64
		{E11367B7-20CC-4741-B8E0-C20E85302A40}.Release|x64.Build.0 = Release|x64
		{82C863C3-74C8-43BE-90CF-755EE698F2E8}.Debug|Win32.ActiveCfg = Debug|Win32
		{82C863C3-74C8-43BE-90CF-755EE698F2E8}.Debug|Win32.Build.0 = Debug|Win32
		{82C863C3-74C8-43BE-90CF-755EE698F2E8}.Debug|x64.ActiveCfg = Debug|x64
		{82C863C3-74C8-43BE-90CF-755EE698F2E8}.Debug|x64.Build.0 = Debug|x64
		{82C863C3-74C8-43BE-90CF-755EE698F2E8}.Release|Win32.ActiveCfg = Release|Win32
		{82C863C3-74C8-43BE-90CF-755EE698F2E8}.Release|Win32.Build.0 = Release|Win32
		{82C863C3-74C8-43BE-90CF-755EE698F2E8}.Release|x64.ActiveCfg = Release|x64
		{82C863C3-74C8-43BE-90CF-755EE698F2E8}.Release|x64.Build.0 = Release|x64
		{760ECBBC-EA7C-464A-B60E-945A0BB1B100}.Debug|Win32.ActiveCfg = Debug|Win32
		{760ECBBC-EA7C-464A-B60E-945A0BB1B100}.Debug|Win32.Build.0 = Debug|Win32
		{760ECBBC-EA7C-464A-B60E-945A0BB1B100}.Debug|x64.ActiveCfg = Debug|x64
		{760ECBBC-EA7C-464A-B60E-945A0BB1B100}.Debug|x64.Build.0 = Debug|x64
		{760ECBBC-EA7C-464A-B60E-945A0BB1B100}.Release|Win32.ActiveCfg = Release|Win32
		{760ECBBC-EA7C-464A-B60E-945A0BB1B100}.Release|Win32.Build.0 = Release|Win32
		{760ECBBC-EA7C-464A-B60E-945A0BB1B100}.Release|x64.ActiveCfg = Release|x64
		{760ECBBC-EA7C-464A-B60E-945A0BB1B100}.Release|x64.Build.0 = Release|x64
		{B6EAE19B-79BF-4F7C-9E66-976D14B9DC6C}.Debug|Win32.ActiveCfg = Debug|Win32
		{B6EAE19B-79BF-4F7C-9E66-976D14B9DC6C}.Debug|Win32.Build.0 = Debug|Win32
		{B6EAE19B-79BF-4F7C-9E66-976D14B9DC6C}.Debug|x64.ActiveCfg = Debug|x64
		{B6EAE19B-79BF-4F7C-9E66-976D14B9DC6C}.Debug|x64.Build.0 = Debug|x64
		{B6EAE19B-79BF-4F7C-9E66-976D14B9DC6C}.Release|Win32.ActiveCfg = Release|Win32
		{B6EAE19B-79BF-4F7C-9E66-976D14B9DC6C}.Release|Win32.Build.0 = Release|Win32
		{B6EAE19B-79BF-4F7C-9E66-976D14B9DC6C}.Release|x64.ActiveCfg = Release|x64
		{B6EAE19B-79BF-4F7C-9E66-976D14B9DC6C}.Release|x64.Build.0 = Release|x64
		{664E6F0D-6784-4760-9565-D54F8EB1EDF4}.Debug|Win32.ActiveCfg = Debug|Win32
		{664E6F0D-6784-4760-9565-D54F8EB1EDF4}.Debug|Win32.Build.0 = Debug|Win32
		{664E6F0D-6784-4760-9565-D54F8EB1EDF4}.Debug|x64.ActiveCfg = Debug|x64
		{664E6F0D-6784-4760-9565-D54F8EB1EDF4}.Debug|x64.Build.0 = Debug|x64
		{664E6F0D-6784-4760-9565-D54F8EB1EDF4}.Release|Win32.ActiveCfg = Release|Win32
		{664E6F0D-6784-4760-9565-D54F8EB1EDF4}.Release|Win32.Build.0 = Release|Win32
		{664E6F0D-6784-4760-9565-D54F8EB1EDF4}.Release|x64.ActiveCfg = Release|x64
		{664E6F0D-6784-4760-9565-D54F8EB1EDF4}.Release|x64.Build.0 = Release|x64
		{C6CD0240-5A92-43F6-B0EE-FF3ACE10742F}.Debug|Win32.ActiveCfg = Debug|Win32
		{C6CD0240-5A92-43F6-B0EE-FF3ACE10742F}.Debug|Win32.Build.0 = Debug|Win32
		{C6CD0240-5A92-43F6-B0EE-FF3ACE10742F}.Debug|x64.ActiveCfg = Debug|x64
		{C6CD0240-5A92-43F6-B0EE-FF3ACE10742F}.Debug|x64.Build.0 = Debug|x64
		{C6CD0240-5A92-43F6-B0EE-FF3ACE10742F}.Release|Win32.ActiveCfg = Release|Win32
		{C6CD0240-5A92-43F6-B0EE-FF3ACE10742F}.Release|Win32.Build.0 = Release|Win32
		{C6CD0240-5A92-43F6-B0EE-FF3ACE10742F}.Release|x64.ActiveCfg = Release|x64
		{C6CD0240-5A92-43F6-B0EE-FF3ACE10742F}.Release|x64.Build.0 = Release|x64
	EndGlobalSection
	GlobalSection(SolutionProperties) = preSolution
		HideSolutionNode = FALSE
	EndGlobalSection
EndGlobal
