<?xml version="1.0" encoding="utf-8"?>
<Project ToolsVersion="4.0" xmlns="http://schemas.microsoft.com/developer/msbuild/2003">
  <ItemGroup>
    <Filter Include="util">
      <UniqueIdentifier>{f3623aed-c769-4a72-bce5-364a00fda8bf}</UniqueIdentifier>
    </Filter>
    <Filter Include="graphics">
      <UniqueIdentifier>{db8567bf-5273-484d-958b-c343cbbb77a2}</UniqueIdentifier>
    </Filter>
    <Filter Include="media-io">
      <UniqueIdentifier>{f91fb9b1-06e6-4fa0-a3a3-fe87c27af047}</UniqueIdentifier>
    </Filter>
    <Filter Include="libobs">
      <UniqueIdentifier>{b00638f4-e338-45b7-b45b-95995e4b2905}</UniqueIdentifier>
    </Filter>
    <Filter Include="libobs\Source Files">
      <UniqueIdentifier>{4FC737F1-C7A5-4376-A066-2A32D752A2FF}</UniqueIdentifier>
      <Extensions>cpp;c;cc;cxx;def;odl;idl;hpj;bat;asm;asmx</Extensions>
    </Filter>
    <Filter Include="libobs\Header Files">
      <UniqueIdentifier>{93995380-89BD-4b04-88EB-625FBE52EBFB}</UniqueIdentifier>
      <Extensions>h;hpp;hxx;hm;inl;inc;xsd</Extensions>
    </Filter>
    <Filter Include="media-io\Header Files">
      <UniqueIdentifier>{c90a618f-1096-41f5-9ce5-f2f78d978983}</UniqueIdentifier>
      <Extensions>h;hpp;hxx;hm;inl;inc;xsd</Extensions>
    </Filter>
    <Filter Include="graphics\Header Files">
      <UniqueIdentifier>{b7228a18-6051-4cab-b53b-ff299eb969c0}</UniqueIdentifier>
      <Extensions>h;hpp;hxx;hm;inl;inc;xsd</Extensions>
    </Filter>
    <Filter Include="util\Header Files">
      <UniqueIdentifier>{0f32a773-0c64-42e5-8539-1dae563eab6e}</UniqueIdentifier>
      <Extensions>h;hpp;hxx;hm;inl;inc;xsd</Extensions>
    </Filter>
    <Filter Include="graphics\Source Files">
      <UniqueIdentifier>{788a1c62-630c-413a-8738-95ab0bfa535b}</UniqueIdentifier>
      <Extensions>cpp;c;cc;cxx;def;odl;idl;hpj;bat;asm;asmx</Extensions>
    </Filter>
    <Filter Include="util\Source Files">
      <UniqueIdentifier>{7ba51fc2-531b-4fd6-983d-e0836024eef5}</UniqueIdentifier>
      <Extensions>cpp;c;cc;cxx;def;odl;idl;hpj;bat;asm;asmx</Extensions>
    </Filter>
    <Filter Include="libobs\Resource Files">
      <UniqueIdentifier>{67DA6AB6-F800-4c08-8B7A-83BB121AAD01}</UniqueIdentifier>
      <Extensions>rc;ico;cur;bmp;dlg;rc2;rct;bin;rgs;gif;jpg;jpeg;jpe;resx;tiff;tif;png;wav;mfcribbon-ms</Extensions>
    </Filter>
    <Filter Include="media-io\Source Files">
      <UniqueIdentifier>{21a99cbb-e167-4baf-82ae-47d23dc12c7d}</UniqueIdentifier>
      <Extensions>cpp;c;cc;cxx;def;odl;idl;hpj;bat;asm;asmx</Extensions>
    </Filter>
    <Filter Include="callback">
      <UniqueIdentifier>{d4a8b3db-e572-4106-bba6-1d30a89665b7}</UniqueIdentifier>
    </Filter>
    <Filter Include="callback\Header Files">
      <UniqueIdentifier>{7501c673-436f-45f2-89c1-34fb78eb4743}</UniqueIdentifier>
    </Filter>
    <Filter Include="callback\Source Files">
      <UniqueIdentifier>{938200c3-d99b-45f9-99d7-854accba352b}</UniqueIdentifier>
    </Filter>
  </ItemGroup>
  <ItemGroup>
    <ClInclude Include="..\..\..\libobs\obs-module.h">
      <Filter>libobs\Header Files</Filter>
    </ClInclude>
    <ClInclude Include="..\..\..\libobs\obs-defs.h">
      <Filter>libobs\Header Files</Filter>
    </ClInclude>
    <ClInclude Include="..\..\..\libobs\obs.h">
      <Filter>libobs\Header Files</Filter>
    </ClInclude>
    <ClInclude Include="..\..\..\libobs\obs-source.h">
      <Filter>libobs\Header Files</Filter>
    </ClInclude>
    <ClInclude Include="..\..\..\libobs\obs-service.h">
      <Filter>libobs\Header Files</Filter>
    </ClInclude>
    <ClInclude Include="..\..\..\libobs\obs-scene.h">
      <Filter>libobs\Header Files</Filter>
    </ClInclude>
    <ClInclude Include="..\..\..\libobs\obs-output.h">
      <Filter>libobs\Header Files</Filter>
    </ClInclude>
    <ClInclude Include="..\..\..\libobs\media-io\audio-io.h">
      <Filter>media-io\Header Files</Filter>
    </ClInclude>
    <ClInclude Include="..\..\..\libobs\media-io\video-io.h">
      <Filter>media-io\Header Files</Filter>
    </ClInclude>
    <ClInclude Include="..\..\..\libobs\util\platform.h">
      <Filter>util\Header Files</Filter>
    </ClInclude>
    <ClInclude Include="..\..\..\libobs\util\serializer.h">
      <Filter>util\Header Files</Filter>
    </ClInclude>
    <ClInclude Include="..\..\..\libobs\util\text-lookup.h">
      <Filter>util\Header Files</Filter>
    </ClInclude>
    <ClInclude Include="..\..\..\libobs\util\threading.h">
      <Filter>util\Header Files</Filter>
    </ClInclude>
    <ClInclude Include="..\..\..\libobs\util\utf8.h">
      <Filter>util\Header Files</Filter>
    </ClInclude>
    <ClInclude Include="..\..\..\libobs\util\base.h">
      <Filter>util\Header Files</Filter>
    </ClInclude>
    <ClInclude Include="..\..\..\libobs\util\bmem.h">
      <Filter>util\Header Files</Filter>
    </ClInclude>
    <ClInclude Include="..\..\..\libobs\util\c99defs.h">
      <Filter>util\Header Files</Filter>
    </ClInclude>
    <ClInclude Include="..\..\..\libobs\util\cf-lexer.h">
      <Filter>util\Header Files</Filter>
    </ClInclude>
    <ClInclude Include="..\..\..\libobs\util\cf-parser.h">
      <Filter>util\Header Files</Filter>
    </ClInclude>
    <ClInclude Include="..\..\..\libobs\util\config-file.h">
      <Filter>util\Header Files</Filter>
    </ClInclude>
    <ClInclude Include="..\..\..\libobs\util\darray.h">
      <Filter>util\Header Files</Filter>
    </ClInclude>
    <ClInclude Include="..\..\..\libobs\util\dstr.h">
      <Filter>util\Header Files</Filter>
    </ClInclude>
    <ClInclude Include="..\..\..\libobs\util\lexer.h">
      <Filter>util\Header Files</Filter>
    </ClInclude>
    <ClInclude Include="..\..\..\libobs\graphics\graphics.h">
      <Filter>graphics\Header Files</Filter>
    </ClInclude>
    <ClInclude Include="..\..\..\libobs\graphics\graphics-internal.h">
      <Filter>graphics\Header Files</Filter>
    </ClInclude>
    <ClInclude Include="..\..\..\libobs\graphics\input.h">
      <Filter>graphics\Header Files</Filter>
    </ClInclude>
    <ClInclude Include="..\..\..\libobs\graphics\math-defs.h">
      <Filter>graphics\Header Files</Filter>
    </ClInclude>
    <ClInclude Include="..\..\..\libobs\graphics\math-extra.h">
      <Filter>graphics\Header Files</Filter>
    </ClInclude>
    <ClInclude Include="..\..\..\libobs\graphics\matrix3.h">
      <Filter>graphics\Header Files</Filter>
    </ClInclude>
    <ClInclude Include="..\..\..\libobs\graphics\matrix4.h">
      <Filter>graphics\Header Files</Filter>
    </ClInclude>
    <ClInclude Include="..\..\..\libobs\graphics\plane.h">
      <Filter>graphics\Header Files</Filter>
    </ClInclude>
    <ClInclude Include="..\..\..\libobs\graphics\quat.h">
      <Filter>graphics\Header Files</Filter>
    </ClInclude>
    <ClInclude Include="..\..\..\libobs\graphics\shader-parser.h">
      <Filter>graphics\Header Files</Filter>
    </ClInclude>
    <ClInclude Include="..\..\..\libobs\graphics\vec2.h">
      <Filter>graphics\Header Files</Filter>
    </ClInclude>
    <ClInclude Include="..\..\..\libobs\graphics\vec3.h">
      <Filter>graphics\Header Files</Filter>
    </ClInclude>
    <ClInclude Include="..\..\..\libobs\graphics\vec4.h">
      <Filter>graphics\Header Files</Filter>
    </ClInclude>
    <ClInclude Include="..\..\..\libobs\graphics\axisang.h">
      <Filter>graphics\Header Files</Filter>
    </ClInclude>
    <ClInclude Include="..\..\..\libobs\graphics\bounds.h">
      <Filter>graphics\Header Files</Filter>
    </ClInclude>
    <ClInclude Include="..\..\..\libobs\graphics\effect.h">
      <Filter>graphics\Header Files</Filter>
    </ClInclude>
    <ClInclude Include="..\..\..\libobs\graphics\effect-parser.h">
      <Filter>graphics\Header Files</Filter>
    </ClInclude>
    <ClInclude Include="..\..\..\libobs\media-io\format-conversion.h">
      <Filter>media-io\Header Files</Filter>
    </ClInclude>
    <ClInclude Include="..\..\..\libobs\media-io\audio-resampler.h">
      <Filter>media-io\Header Files</Filter>
    </ClInclude>
    <ClInclude Include="..\..\..\libobs\callback\calldata.h">
      <Filter>callback\Header Files</Filter>
    </ClInclude>
    <ClInclude Include="..\..\..\libobs\callback\proc.h">
      <Filter>callback\Header Files</Filter>
    </ClInclude>
    <ClInclude Include="..\..\..\libobs\callback\signal.h">
      <Filter>callback\Header Files</Filter>
    </ClInclude>
    <ClInclude Include="..\..\..\libobs\obs-encoder.h">
      <Filter>libobs\Header Files</Filter>
    </ClInclude>
    <ClInclude Include="..\..\..\libobs\obs-internal.h">
      <Filter>libobs\Header Files</Filter>
    </ClInclude>
    <ClInclude Include="..\..\..\libobs\obs-data.h">
      <Filter>libobs\Header Files</Filter>
    </ClInclude>
    <ClInclude Include="..\..\..\libobs\obs-properties.h">
      <Filter>libobs\Header Files</Filter>
    </ClInclude>
  </ItemGroup>
  <ItemGroup>
    <ClCompile Include="..\..\..\libobs\obs-output.c">
      <Filter>libobs\Source Files</Filter>
    </ClCompile>
    <ClCompile Include="..\..\..\libobs\obs-module.c">
      <Filter>libobs\Source Files</Filter>
    </ClCompile>
    <ClCompile Include="..\..\..\libobs\obs-display.c">
      <Filter>libobs\Source Files</Filter>
    </ClCompile>
    <ClCompile Include="..\..\..\libobs\obs-video.c">
      <Filter>libobs\Source Files</Filter>
    </ClCompile>
    <ClCompile Include="..\..\..\libobs\obs-source.c">
      <Filter>libobs\Source Files</Filter>
    </ClCompile>
    <ClCompile Include="..\..\..\libobs\obs-scene.c">
      <Filter>libobs\Source Files</Filter>
    </ClCompile>
    <ClCompile Include="..\..\..\libobs\media-io\video-io.c">
      <Filter>media-io\Source Files</Filter>
    </ClCompile>
    <ClCompile Include="..\..\..\libobs\media-io\audio-io.c">
      <Filter>media-io\Source Files</Filter>
    </ClCompile>
    <ClCompile Include="..\..\..\libobs\util\config-file.c">
      <Filter>util\Source Files</Filter>
    </ClCompile>
    <ClCompile Include="..\..\..\libobs\util\dstr.c">
      <Filter>util\Source Files</Filter>
    </ClCompile>
    <ClCompile Include="..\..\..\libobs\util\lexer.c">
      <Filter>util\Source Files</Filter>
    </ClCompile>
    <ClCompile Include="..\..\..\libobs\util\platform.c">
      <Filter>util\Source Files</Filter>
    </ClCompile>
    <ClCompile Include="..\..\..\libobs\util\platform-windows.c">
      <Filter>util\Source Files</Filter>
    </ClCompile>
    <ClCompile Include="..\..\..\libobs\util\text-lookup.c">
      <Filter>util\Source Files</Filter>
    </ClCompile>
    <ClCompile Include="..\..\..\libobs\util\utf8.c">
      <Filter>util\Source Files</Filter>
    </ClCompile>
    <ClCompile Include="..\..\..\libobs\util\base.c">
      <Filter>util\Source Files</Filter>
    </ClCompile>
    <ClCompile Include="..\..\..\libobs\util\bmem.c">
      <Filter>util\Source Files</Filter>
    </ClCompile>
    <ClCompile Include="..\..\..\libobs\util\cf-lexer.c">
      <Filter>util\Source Files</Filter>
    </ClCompile>
    <ClCompile Include="..\..\..\libobs\util\cf-parser.c">
      <Filter>util\Source Files</Filter>
    </ClCompile>
    <ClCompile Include="..\..\..\libobs\graphics\quat.c">
      <Filter>graphics\Source Files</Filter>
    </ClCompile>
    <ClCompile Include="..\..\..\libobs\graphics\shader-parser.c">
      <Filter>graphics\Source Files</Filter>
    </ClCompile>
    <ClCompile Include="..\..\..\libobs\graphics\vec2.c">
      <Filter>graphics\Source Files</Filter>
    </ClCompile>
    <ClCompile Include="..\..\..\libobs\graphics\vec3.c">
      <Filter>graphics\Source Files</Filter>
    </ClCompile>
    <ClCompile Include="..\..\..\libobs\graphics\vec4.c">
      <Filter>graphics\Source Files</Filter>
    </ClCompile>
    <ClCompile Include="..\..\..\libobs\graphics\axisang.c">
      <Filter>graphics\Source Files</Filter>
    </ClCompile>
    <ClCompile Include="..\..\..\libobs\graphics\bounds.c">
      <Filter>graphics\Source Files</Filter>
    </ClCompile>
    <ClCompile Include="..\..\..\libobs\graphics\effect.c">
      <Filter>graphics\Source Files</Filter>
    </ClCompile>
    <ClCompile Include="..\..\..\libobs\graphics\effect-parser.c">
      <Filter>graphics\Source Files</Filter>
    </ClCompile>
    <ClCompile Include="..\..\..\libobs\graphics\graphics.c">
      <Filter>graphics\Source Files</Filter>
    </ClCompile>
    <ClCompile Include="..\..\..\libobs\graphics\graphics-imports.c">
      <Filter>graphics\Source Files</Filter>
    </ClCompile>
    <ClCompile Include="..\..\..\libobs\graphics\math-extra.c">
      <Filter>graphics\Source Files</Filter>
    </ClCompile>
    <ClCompile Include="..\..\..\libobs\graphics\matrix3.c">
      <Filter>graphics\Source Files</Filter>
    </ClCompile>
    <ClCompile Include="..\..\..\libobs\graphics\matrix4.c">
      <Filter>graphics\Source Files</Filter>
    </ClCompile>
    <ClCompile Include="..\..\..\libobs\graphics\plane.c">
      <Filter>graphics\Source Files</Filter>
    </ClCompile>
    <ClCompile Include="..\..\..\libobs\obs.c">
      <Filter>libobs\Source Files</Filter>
    </ClCompile>
    <ClCompile Include="..\..\..\libobs\graphics\texture-render.c">
      <Filter>graphics\Source Files</Filter>
    </ClCompile>
    <ClCompile Include="..\..\..\libobs\media-io\format-conversion.c">
      <Filter>media-io\Source Files</Filter>
    </ClCompile>
    <ClCompile Include="..\..\..\libobs\media-io\audio-resampler-ffmpeg.c">
      <Filter>media-io\Source Files</Filter>
    </ClCompile>
    <ClCompile Include="..\..\..\libobs\obs-windows.c">
      <Filter>libobs\Source Files</Filter>
    </ClCompile>
    <ClCompile Include="..\..\..\libobs\callback\calldata.c">
      <Filter>callback\Source Files</Filter>
    </ClCompile>
    <ClCompile Include="..\..\..\libobs\callback\signal.c">
      <Filter>callback\Source Files</Filter>
    </ClCompile>
    <ClCompile Include="..\..\..\libobs\callback\proc.c">
      <Filter>callback\Source Files</Filter>
    </ClCompile>
    <ClCompile Include="..\..\..\libobs\obs-encoder.c">
      <Filter>libobs\Source Files</Filter>
    </ClCompile>
    <ClCompile Include="..\..\..\libobs\obs-data.c">
      <Filter>libobs\Source Files</Filter>
    </ClCompile>
    <ClCompile Include="..\..\..\libobs\obs-properties.c">
      <Filter>libobs\Source Files</Filter>
    </ClCompile>
  </ItemGroup>
</Project>