{
  "name": "aerium-backend",
  "version": "0.1.0",
  "lockfileVersion": 3,
  "requires": true,
  "packages": {
    "": {
      "name": "aerium-backend",
      "version": "0.1.0",
      "dependencies": {
        "@neondatabase/serverless": "1.1.0",
        "oauth4webapi": "3.8.8"
      },
      "devDependencies": {
        "@electric-sql/pglite": "0.5.8"
      },
      "engines": {
        "node": "24.x"
      }
    },
    "node_modules/@electric-sql/pglite": {
      "version": "0.5.8",
      "resolved": "https://registry.npmjs.org/@electric-sql/pglite/-/pglite-0.5.8.tgz",
      "integrity": "sha512-n9tsbUOhwx2epK1V0ZG9Ar4SHWUju04dhmzZXiSBXwBoleOvIfals33NAaWgagQVAL4Rbvx/Ptsu3P+pA09f6Q==",
      "dev": true,
      "license": "Apache-2.0"
    },
    "node_modules/@neondatabase/serverless": {
      "version": "1.1.0",
      "resolved": "https://registry.npmjs.org/@neondatabase/serverless/-/serverless-1.1.0.tgz",
      "integrity": "sha512-r3ZZhRjEcfEdKIZnoB1RusNgvHuaBRqfCzV4Gi+5A9yUX0S4HTws/ASWqt13wL4y4I+0rqsWGdA2w7EQXHi3+Q==",
      "license": "MIT",
      "engines": {
        "node": ">=19.0.0"
      }
    },
    "node_modules/oauth4webapi": {
      "version": "3.8.8",
      "resolved": "https://registry.npmjs.org/oauth4webapi/-/oauth4webapi-3.8.8.tgz",
      "integrity": "sha512-8N28E+a/oxfXWBgOMt+ZP/JUf/XR+IFbvkAEPP3gznXOMv9BpAAwiIj0TFNz3tGTPc0ZQ8zmWBNgN1nAys0gng==",
      "license": "MIT",
      "funding": {
        "url": "https://github.com/sponsors/panva"
      }
    }
  }
}
